github.com/beevik/etree v1.1.0/go.mod h1:r8Aw8JqVegEf0w2fDnATrX9VpkMcyFeM0FhwO62wh+A=
github.com/gibson042/canonicaljson-go v1.0.3/go.mod h1:DsLpJTThXyGNO+KZlI85C1/KDcImpP67k/RKVjcaEqo=
github.com/google/uuid v1.1.1/go.mod h1:TIyPZe4MgqvfeYDBFedMoGGpEw/LqOeaOT+nhxU+yHo=
github.com/gorilla/mux v1.7.3/go.mod h1:1lud6UwP+6orDFRuTfBEV8e9/aOM/c4fVVCaMa2zaAs=
gitlab.eng.vmware.com/golangsdk/vsphere-automation-sdk-go/apis/appliance v0.1.0/go.mod h1:S+O53AMIyITSh5y//oID/SG+n6fEcin61EF5eJRnqp0=
gitlab.eng.vmware.com/golangsdk/vsphere-automation-sdk-go/apis/cis/tagging v0.1.0/go.mod h1:GOd7DSiGma3yrR1my6kjylUf9m4y5JaiI7wMvT6c1QQ=
gitlab.eng.vmware.com/golangsdk/vsphere-automation-sdk-go/apis/content v0.1.0/go.mod h1:QWFDQzZB4gVvgNgeHMOoG0CheshODEBMOdwOh9/Cb+k=
gitlab.eng.vmware.com/golangsdk/vsphere-automation-sdk-go/apis/esx v0.1.0/go.mod h1:pJ1gTa/BPHL53qMheHIFQIManPG7M1CBi4JVWcED9TU=
gitlab.eng.vmware.com/golangsdk/vsphere-automation-sdk-go/apis/vcenter v0.1.0/go.mod h1:RnhutaZVX1vSRIjft9yNlNTSb1KQGZVz/hPRaEBxa4g=
gitlab.eng.vmware.com/golangsdk/vsphere-automation-sdk-go/apis/vmc v0.1.0/go.mod h1:iLCnK1wb38+VPGYA5noXgHklk+/37s0sHuiSM7UqdoA=
gitlab.eng.vmware.com/golangsdk/vsphere-automation-sdk-go/apis/vstats v0.1.0/go.mod h1:jJgvO+pEr7dw/7HEPsaIVLLKooWUIdu+dipXCaP8/uw=
gitlab.eng.vmware.com/golangsdk/vsphere-automation-sdk-go/lib v0.2.0/go.mod h1:s7rdVU4vQs1Gn1+CN80yIe2Gi1/EAX807m4RGPPRIGg=
gitlab.eng.vmware.com/golangsdk/vsphere-automation-sdk-go/runtime v0.2.0/go.mod h1:vVGCA9M6uj2JUWUXBStI5vhIpPXceNbyM/39hfFqxgI=
golang.org/x/crypto v0.0.0-20190308221718-c2843e01d9a2/go.mod h1:djNgcEr1/C05ACkg1iLfiJU5Ep61QUkGW8qpdssI0+w=
golang.org/x/net v0.0.0-20190926025831-c00fd9afed17/go.mod h1:z5CRVTTTmAJ677TzLLGU+0bjPO0LkuOLi4/5GtJWs/s=
golang.org/x/sys v0.0.0-20190215142949-d0b11bdaac8a/go.mod h1:STP8DvDyc/dI5b8T5hshtkjS+E42TnysNCUPdjciGhY=
golang.org/x/text v0.3.0/go.mod h1:NqM8EUOU14njkJ3fqMW+pc6Ldnwhi/IjpwHt7yyuwOQ=
golang.org/x/text v0.3.2/go.mod h1:bEr9sfX3Q8Zfm5fL9x+3itogRgK3+ptLWKqgva+5dAk=
golang.org/x/tools v0.0.0-20180917221912-90fa682c2a6e/go.mod h1:n7NCudcB/nEzxVGmLbDWY5pfWTLqBcC2KZ6jyYvM4mQ=
